{
  "name": "lumos-language",
  "version": "1.0.7",
  "lockfileVersion": 3,
  "requires": true,
  "packages": {
    "": {
      "name": "lumos-language",
      "version": "1.0.7",
      "license": "MIT",
      "dependencies": {
        "lumos-language": "^1.0.7"
      },
      "bin": {
        "lumos": "./index.cjs"
      }
    },
    "node_modules/lumos-language": {
      "version": "1.0.7",
      "resolved": "https://registry.npmjs.org/lumos-language/-/lumos-language-1.0.7.tgz",
      "integrity": "sha512-Zt1bvVy3iRoftyRxuMAileqXlcQYPGTjnDhfs8wXVlKjCoD+uGgui1FCuqZGL7RUf4SSn0A1+OXQeQx82oPmRg==",
      "bin": {
        "lumos": "./index.cjs"
      }
    }
  }
}
